
Microsoft Visual Studio Solution File, Format Version 12.00
# Visual Studio Version 16
VisualStudioVersion = 16.0.31025.194
MinimumVisualStudioVersion = 10.0.40219.1
Project("{FAE04EC0-301F-11D3-BF4B-00C04F79EFBC}") = "N2_B2_0", "N2_B2_0\N2_B2_0.csproj", "{27346A60-893D-4B64-86D3-0A8ABB166E6B}"
EndProject
Global
	GlobalSection(SolutionConfigurationPlatforms) = preSolution
		Debug|Any CPU = Debug|Any CPU
		Release|Any CPU = Release|Any CPU
	EndGlobalSection
	GlobalSection(ProjectConfigurationPlatforms) = postSolution
		{27346A60-893D-4B64-86D3-0A8ABB166E6B}.Debug|Any CPU.ActiveCfg = Debug|Any CPU
		{27346A60-893D-4B64-86D3-0A8ABB166E6B}.Debug|Any CPU.Build.0 = Debug|Any CPU
		{27346A60-893D-4B64-86D3-0A8ABB166E6B}.Release|Any CPU.ActiveCfg = Release|Any CPU
		{27346A60-893D-4B64-86D3-0A8ABB166E6B}.Release|Any CPU.Build.0 = Release|Any CPU
	EndGlobalSection
	GlobalSection(SolutionProperties) = preSolution
		HideSolutionNode = FALSE
	EndGlobalSection
	GlobalSection(ExtensibilityGlobals) = postSolution
		SolutionGuid = {B1392305-EBB6-445E-AB59-66A264AD7079}
	EndGlobalSection
EndGlobal
